github.com/client9/csstool v0.2.2 h1:TBRqhAul1HXYwMXzQ4j86TSOr50D6JqKAwj9nbro+3Y=
github.com/client9/csstool v0.2.2/go.mod h1:gOROmZEK98JLAUl/Ru4QxZaSKkr6kVH3J0xeDJrnPJY=
github.com/go-mojito/mojito v0.0.5-0.20220507151517-92fdc56c8039 h1:g5omDXqsley434VnLLEaJ3odfCHRiDUY2AxlyjNik+E=
github.com/go-mojito/mojito v0.0.5-0.20220507151517-92fdc56c8039/go.mod h1:zO5bbG8Ts7MwZqqjErV5BBA+TqbV7FVgKYFG9RZaVKU=
github.com/inconshreveable/mousetrap v1.0.0/go.mod h1:PxqpIevigyE2G7u3NXJIT2ANytuPF1OarO4DADm73n8=
github.com/infinytum/injector v0.0.2 h1:isJZ27MvijpoQzzJaOWLqfyczp1EP9CM786Ef1KelFI=
github.com/infinytum/injector v0.0.2/go.mod h1:/8absiTs7Afl21cGagOLkXPrypVGZrOSkH4qu/IsP28=
github.com/infinytum/structures v0.0.2 h1:h/0EvNICrqynCKaKoO/6djR+cPLS2wj8KHAzPt0r4k0=
github.com/infinytum/structures v0.0.2/go.mod h1:4vDl7BamOX2fF0B+h2n/xGIorGv1u9ZQ9wgF6IW/Kc8=
github.com/julienschmidt/httprouter v1.3.0 h1:U0609e9tgbseu3rBINet9P48AI/D3oJs4dN7jwJOQ1U=
github.com/julienschmidt/httprouter v1.3.0/go.mod h1:JR6WtHb+2LUe8TCKY3cZOxFyyO8IZAc4RVcycCCAKdM=
github.com/mattn/go-zglob v0.0.0-20180803001819-2ea3427bfa53/go.mod h1:9fxibJccNxU2cnpIKLRRFA7zX7qhkJIQWBb449FYHOo=
github.com/mattn/go-zglob v0.0.3 h1:6Ry4EYsScDyt5di4OI6xw1bYhOqfE5S33Z1OPy+d+To=
github.com/mattn/go-zglob v0.0.3/go.mod h1:9fxibJccNxU2cnpIKLRRFA7zX7qhkJIQWBb449FYHOo=
github.com/mitchellh/hashstructure/v2 v2.0.2 h1:vGKWl0YJqUNxE8d+h8f6NJLcCJrgbhC4NcD46KavDd4=
github.com/mitchellh/hashstructure/v2 v2.0.2/go.mod h1:MG3aRVU/N29oo/V/IhBX8GR/zz4kQkprJgF2EVszyDE=
github.com/spf13/cobra v0.0.3/go.mod h1:1l0Ry5zgKvJasoi3XT1TypsSe7PqH0Sj9dhYf7v3XqQ=
github.com/spf13/pflag v1.0.3/go.mod h1:DYY7MBk1bdzusC3SYhjObp+wFpr4gzcvqqNjLnInEg4=
github.com/tdewolff/parse v2.3.3+incompatible h1:q6OSjvHtvBucLb34z24OH1xl5wGdw1mI9Vd38Qj9evs=
github.com/tdewolff/parse v2.3.3+incompatible/go.mod h1:8oBwCsVmUkgHO8M5iCzSIDtpzXOT0WXX9cWhz+bIzJQ=
github.com/tdewolff/test v1.0.0 h1:jOwzqCXr5ePXEPGJaq2ivoR6HOCi+D5TPfpoyg8yvmU=
github.com/tdewolff/test v1.0.0/go.mod h1:DiQUlutnqlEvdvhSn2LPGy4TFwRauAaYDsL+683RNX4=
golang.org/x/net v0.0.0-20181023162649-9b4f9f5ad519 h1:x6rhz8Y9CjbgQkccRGmELH6K+LJj7tOoh3XWeC1yaQM=
golang.org/x/net v0.0.0-20181023162649-9b4f9f5ad519/go.mod h1:mL1N/T3taQHkDXs73rZJwtUhF3w3ftmwwsq0BUmARs4=
